
Microsoft Visual Studio Solution File, Format Version 12.00
# Visual Studio Version 17
VisualStudioVersion = 17.5.33516.290
MinimumVisualStudioVersion = 10.0.40219.1
Project("{FAE04EC0-301F-11D3-BF4B-00C04F79EFBC}") = "xadrez-console", "xadrez-console\xadrez-console.csproj", "{071337FA-EF90-4B11-9134-1D21B7001DAC}"
EndProject
Global
	GlobalSection(SolutionConfigurationPlatforms) = preSolution
		Debug|Any CPU = Debug|Any CPU
		Release|Any CPU = Release|Any CPU
	EndGlobalSection
	GlobalSection(ProjectConfigurationPlatforms) = postSolution
		{071337FA-EF90-4B11-9134-1D21B7001DAC}.Debug|Any CPU.ActiveCfg = Debug|Any CPU
		{071337FA-EF90-4B11-9134-1D21B7001DAC}.Debug|Any CPU.Build.0 = Debug|Any CPU
		{071337FA-EF90-4B11-9134-1D21B7001DAC}.Release|Any CPU.ActiveCfg = Release|Any CPU
		{071337FA-EF90-4B11-9134-1D21B7001DAC}.Release|Any CPU.Build.0 = Release|Any CPU
	EndGlobalSection
	GlobalSection(SolutionProperties) = preSolution
		HideSolutionNode = FALSE
	EndGlobalSection
	GlobalSection(ExtensibilityGlobals) = postSolution
		SolutionGuid = {86A933E5-2E16-44E8-A18E-549D90FA09E0}
	EndGlobalSection
EndGlobal
